# This file is autogenerated, do not edit; changes may be undone by the next 'dep ensure'.


[[projects]]
  name = "github.com/dave/jennifer"
  packages = ["jen"]
  revision = "97587ff16f680f25594335a26c03ef6a1b7311b7"

[[projects]]
  name = "github.com/fatih/structtag"
  packages = ["."]
  revision = "da3d9ab5b78fdc25d3a7614853b085200bd10da9"
  version = "v0.1.0"

[[projects]]
  branch = "develop"
  name = "github.com/vetcher/godecl"
  packages = [".","types"]
  revision = "25d0b2b8ca97fe91c1c7acf7e9f1c0a9db4f37f9"

[solve-meta]
  analyzer-name = "dep"
  analyzer-version = 1
  inputs-digest = "039c2ae06b350e1f948d71b2d3d9be311b1e4af4c89859114cc9bab2f2b94d69"
  solver-name = "gps-cdcl"
  solver-version = 1
